
Microsoft Visual Studio Solution File, Format Version 12.00
Project("{2150E333-8FDC-42A3-9474-1A3956D46DE8}") = "Task0", "Task0", "{7B5D16BE-4915-4C95-AAAE-8D9ADF6BA786}"
EndProject
Project("{FAE04EC0-301F-11D3-BF4B-00C04F79EFBC}") = "Tyuiu.TimshinaAI.Sprint0.Task0.V0", "Tyuiu.TimshinaAI.Sprint0.Task0.V0\Tyuiu.TimshinaAI.Sprint0.Task0.V0.csproj", "{BF98D191-DD45-4985-9DEB-EC80D4132BBB}"
EndProject
Project("{2150E333-8FDC-42A3-9474-1A3956D46DE8}") = "Task1", "Task1", "{5F67D671-E259-4F45-9C3B-FEA052CAB517}"
EndProject
Project("{2150E333-8FDC-42A3-9474-1A3956D46DE8}") = "Task2", "Task2", "{E2BBDC18-BAE2-4E0A-9B31-B8A90CD3CAB6}"
EndProject
Project("{2150E333-8FDC-42A3-9474-1A3956D46DE8}") = "Task3", "Task3", "{01693DB9-873D-4E4B-B285-FD18BD4C3B5F}"
EndProject
Project("{FAE04EC0-301F-11D3-BF4B-00C04F79EFBC}") = "Tyuiu.TimshinaAI.Sprint0.Task1.V0", "Tyuiu.TimshinaAI.Sprint0.Task1.V0\Tyuiu.TimshinaAI.Sprint0.Task1.V0.csproj", "{1622CCFA-C045-424B-A32E-270574A9D0D1}"
EndProject
Project("{FAE04EC0-301F-11D3-BF4B-00C04F79EFBC}") = "Tyuiu.TimshinaAI.Sprint0.Task2.V0.Lib", "Tyuiu.TimshinaAI.Sprint0.Task2.V0.Lib\Tyuiu.TimshinaAI.Sprint0.Task2.V0.Lib.csproj", "{0BF840DE-476F-4C18-93A6-BDB2088323F4}"
EndProject
Project("{FAE04EC0-301F-11D3-BF4B-00C04F79EFBC}") = "Tyuiu.TimshinaAI.Sprint0.Task2.V0", "Tyuiu.TimshinaAI.Sprint0.Task2.V0\Tyuiu.TimshinaAI.Sprint0.Task2.V0.csproj", "{9D5805D9-AA37-4E98-977F-8303F8F64E82}"
EndProject
Project("{FAE04EC0-301F-11D3-BF4B-00C04F79EFBC}") = "Tyuiu.TimshinaAI.Sprint0.Task2.V0.Test", "Tyuiu.TimshinaAI.Sprint0.Task2.V0.Test\Tyuiu.TimshinaAI.Sprint0.Task2.V0.Test.csproj", "{A8AB37FC-66A9-449F-B16C-E4724608BFBD}"
EndProject
Project("{FAE04EC0-301F-11D3-BF4B-00C04F79EFBC}") = "Tyuiu.TImshiaAI.Sprint0.Task3.V0", "Tyuiu.TImshiaAI.Sprint0.Task3.V0\Tyuiu.TImshiaAI.Sprint0.Task3.V0.csproj", "{B6AC2907-46D5-419A-815C-134E05104F42}"
EndProject
Project("{FAE04EC0-301F-11D3-BF4B-00C04F79EFBC}") = "Tyuiu.TimshinaAI.Sprint0.Task3.V0.Lib", "Tyuiu.TimshinaAI.Sprint0.Task3.V0.Lib\Tyuiu.TimshinaAI.Sprint0.Task3.V0.Lib.csproj", "{53EE7CC8-4FEC-40DE-AABB-90724CD6F111}"
EndProject
Project("{2150E333-8FDC-42A3-9474-1A3956D46DE8}") = "Task4", "Task4", "{69C5C254-6220-479A-A27E-690392B3DE1B}"
EndProject
Project("{FAE04EC0-301F-11D3-BF4B-00C04F79EFBC}") = "Tyuiu.TimshinaAI.Sprint0.Task4.V0", "Tyuiu.TimshinaAI.Sprint0.Task4.V0\Tyuiu.TimshinaAI.Sprint0.Task4.V0.csproj", "{A0C91633-B26F-42C6-A700-80A016DB2A21}"
EndProject
Project("{FAE04EC0-301F-11D3-BF4B-00C04F79EFBC}") = "Tyuiu.TimshinaAI.Sprint0.Task4.V0.Lib", "Tyuiu.TimshinaAI.Sprint0.Task4.V0.Lib\Tyuiu.TimshinaAI.Sprint0.Task4.V0.Lib.csproj", "{97E3A5C5-7B63-4B0D-B0D1-4E06C0B28EEA}"
EndProject
Project("{FAE04EC0-301F-11D3-BF4B-00C04F79EFBC}") = "Tyuiu.TimshinaAI.Sprint0.Task4.V0.Test", "Tyuiu.TimshinaAI.Sprint0.Task4.V0.Test\Tyuiu.TimshinaAI.Sprint0.Task4.V0.Test.csproj", "{2344A1C2-7B2E-4EB7-B2CD-4D2D409D3FB9}"
EndProject
Project("{2150E333-8FDC-42A3-9474-1A3956D46DE8}") = "Task5", "Task5", "{29ED98D5-4089-41B8-B967-30AC9E6E196F}"
EndProject
Project("{FAE04EC0-301F-11D3-BF4B-00C04F79EFBC}") = "Tyuiu.TimshinaAI.Sprint0.Task5.V0", "Tyuiu.TimshinaAI.Sprint0.Task5.V0\Tyuiu.TimshinaAI.Sprint0.Task5.V0.csproj", "{79D5EF87-2121-476E-B34F-3D4C887C36E3}"
EndProject
Project("{FAE04EC0-301F-11D3-BF4B-00C04F79EFBC}") = "Tyuiu.TimshinaAI.Sprint0.Task5.V0.Lib", "Tyuiu.TimshinaAI.Sprint0.Task5.V0.Lib\Tyuiu.TimshinaAI.Sprint0.Task5.V0.Lib.csproj", "{A82BDD0F-C2FB-4F72-8819-1C73768EB8A9}"
EndProject
Project("{FAE04EC0-301F-11D3-BF4B-00C04F79EFBC}") = "Tyuiu.TimshinaAI.Sprint0.Task5.V0.Test", "Tyuiu.TimshinaAI.Sprint0.Task5.V0.Test\Tyuiu.TimshinaAI.Sprint0.Task5.V0.Test.csproj", "{D4FFCA13-04B0-40CD-BA84-D3476F6AAAB0}"
EndProject
Project("{FAE04EC0-301F-11D3-BF4B-00C04F79EFBC}") = "Tyuiu.TimshinaAI.Sprint0.Task3.V0.Test", "Tyuiu.TimshinaAI.Sprint0.Task3.V0.Test\Tyuiu.TimshinaAI.Sprint0.Task3.V0.Test.csproj", "{F13D44FA-7246-4BBF-918F-601617E2E530}"
EndProject
Project("{2150E333-8FDC-42A3-9474-1A3956D46DE8}") = "Task6", "Task6", "{1D5C1E7F-5919-433D-B3D5-8D9A62A9A32A}"
EndProject
Project("{FAE04EC0-301F-11D3-BF4B-00C04F79EFBC}") = "Tyuiu.TimshinaAI.Sprint0.Task6.V0", "Tyuiu.TimshinaAI.Sprint0.Task6.V0\Tyuiu.TimshinaAI.Sprint0.Task6.V0.csproj", "{67F1B897-3A2A-4D3A-ABBB-6EA6C4A1B5CA}"
EndProject
Project("{FAE04EC0-301F-11D3-BF4B-00C04F79EFBC}") = "Tyuiu.TimshinaAI.Sprint0.Task6.V0.Lib", "Tyuiu.TimshinaAI.Sprint0.Task6.V0.Lib\Tyuiu.TimshinaAI.Sprint0.Task6.V0.Lib.csproj", "{BA80CF6F-FDB9-4C0A-83E4-6FD4E6F11BB9}"
EndProject
Project("{FAE04EC0-301F-11D3-BF4B-00C04F79EFBC}") = "Tyuiu.TimshinaAI.Sprint0.Task6.V0.Test", "Tyuiu.TimshinaAI.Sprint0.Task6.V0.Test\Tyuiu.TimshinaAI.Sprint0.Task6.V0.Test.csproj", "{602A89AC-6387-422B-9A79-CF65248A7C85}"
EndProject
Project("{2150E333-8FDC-42A3-9474-1A3956D46DE8}") = "Task7", "Task7", "{7321529A-0CDE-49B0-AA3C-57A7DEFCA1A0}"
EndProject
Project("{FAE04EC0-301F-11D3-BF4B-00C04F79EFBC}") = "Tyuiu.TimshinaAI.Sprint0.Task7.V0", "Tyuiu.TimshinaAI.Sprint0.Task7.V0\Tyuiu.TimshinaAI.Sprint0.Task7.V0.csproj", "{4B10D55D-5BD4-4F4B-95D2-8B5D07FDB0D9}"
EndProject
Project("{FAE04EC0-301F-11D3-BF4B-00C04F79EFBC}") = "Tyuiu.TimshinaAI.Sprint0.Task7.V0.Lib", "Tyuiu.TimshinaAI.Sprint0.Task7.V0.Lib\Tyuiu.TimshinaAI.Sprint0.Task7.V0.Lib.csproj", "{2383DF3C-7B09-4113-83CE-6C5F4AB41FAA}"
EndProject
Project("{FAE04EC0-301F-11D3-BF4B-00C04F79EFBC}") = "Tyuiu.TimshinaAI.Sprint0.Task7.V0.Test", "Tyuiu.TimshinaAI.Sprint0.Task7.V0.Test\Tyuiu.TimshinaAI.Sprint0.Task7.V0.Test.csproj", "{6CB73F48-33AE-4D3E-8C1A-EF7B2254FFF1}"
EndProject
Global
	GlobalSection(SolutionConfigurationPlatforms) = preSolution
		Debug|Any CPU = Debug|Any CPU
		Release|Any CPU = Release|Any CPU
	EndGlobalSection
	GlobalSection(ProjectConfigurationPlatforms) = postSolution
		{BF98D191-DD45-4985-9DEB-EC80D4132BBB}.Debug|Any CPU.ActiveCfg = Debug|Any CPU
		{BF98D191-DD45-4985-9DEB-EC80D4132BBB}.Debug|Any CPU.Build.0 = Debug|Any CPU
		{BF98D191-DD45-4985-9DEB-EC80D4132BBB}.Release|Any CPU.ActiveCfg = Release|Any CPU
		{BF98D191-DD45-4985-9DEB-EC80D4132BBB}.Release|Any CPU.Build.0 = Release|Any CPU
		{1622CCFA-C045-424B-A32E-270574A9D0D1}.Debug|Any CPU.ActiveCfg = Debug|Any CPU
		{1622CCFA-C045-424B-A32E-270574A9D0D1}.Debug|Any CPU.Build.0 = Debug|Any CPU
		{1622CCFA-C045-424B-A32E-270574A9D0D1}.Release|Any CPU.ActiveCfg = Release|Any CPU
		{1622CCFA-C045-424B-A32E-270574A9D0D1}.Release|Any CPU.Build.0 = Release|Any CPU
		{0BF840DE-476F-4C18-93A6-BDB2088323F4}.Debug|Any CPU.ActiveCfg = Debug|Any CPU
		{0BF840DE-476F-4C18-93A6-BDB2088323F4}.Debug|Any CPU.Build.0 = Debug|Any CPU
		{0BF840DE-476F-4C18-93A6-BDB2088323F4}.Release|Any CPU.ActiveCfg = Release|Any CPU
		{0BF840DE-476F-4C18-93A6-BDB2088323F4}.Release|Any CPU.Build.0 = Release|Any CPU
		{9D5805D9-AA37-4E98-977F-8303F8F64E82}.Debug|Any CPU.ActiveCfg = Debug|Any CPU
		{9D5805D9-AA37-4E98-977F-8303F8F64E82}.Debug|Any CPU.Build.0 = Debug|Any CPU
		{9D5805D9-AA37-4E98-977F-8303F8F64E82}.Release|Any CPU.ActiveCfg = Release|Any CPU
		{9D5805D9-AA37-4E98-977F-8303F8F64E82}.Release|Any CPU.Build.0 = Release|Any CPU
		{A8AB37FC-66A9-449F-B16C-E4724608BFBD}.Debug|Any CPU.ActiveCfg = Debug|Any CPU
		{A8AB37FC-66A9-449F-B16C-E4724608BFBD}.Debug|Any CPU.Build.0 = Debug|Any CPU
		{A8AB37FC-66A9-449F-B16C-E4724608BFBD}.Release|Any CPU.ActiveCfg = Release|Any CPU
		{A8AB37FC-66A9-449F-B16C-E4724608BFBD}.Release|Any CPU.Build.0 = Release|Any CPU
		{B6AC2907-46D5-419A-815C-134E05104F42}.Debug|Any CPU.ActiveCfg = Debug|Any CPU
		{B6AC2907-46D5-419A-815C-134E05104F42}.Debug|Any CPU.Build.0 = Debug|Any CPU
		{B6AC2907-46D5-419A-815C-134E05104F42}.Release|Any CPU.ActiveCfg = Release|Any CPU
		{B6AC2907-46D5-419A-815C-134E05104F42}.Release|Any CPU.Build.0 = Release|Any CPU
		{53EE7CC8-4FEC-40DE-AABB-90724CD6F111}.Debug|Any CPU.ActiveCfg = Debug|Any CPU
		{53EE7CC8-4FEC-40DE-AABB-90724CD6F111}.Debug|Any CPU.Build.0 = Debug|Any CPU
		{53EE7CC8-4FEC-40DE-AABB-90724CD6F111}.Release|Any CPU.ActiveCfg = Release|Any CPU
		{53EE7CC8-4FEC-40DE-AABB-90724CD6F111}.Release|Any CPU.Build.0 = Release|Any CPU
		{A0C91633-B26F-42C6-A700-80A016DB2A21}.Debug|Any CPU.ActiveCfg = Debug|Any CPU
		{A0C91633-B26F-42C6-A700-80A016DB2A21}.Debug|Any CPU.Build.0 = Debug|Any CPU
		{A0C91633-B26F-42C6-A700-80A016DB2A21}.Release|Any CPU.ActiveCfg = Release|Any CPU
		{A0C91633-B26F-42C6-A700-80A016DB2A21}.Release|Any CPU.Build.0 = Release|Any CPU
		{97E3A5C5-7B63-4B0D-B0D1-4E06C0B28EEA}.Debug|Any CPU.ActiveCfg = Debug|Any CPU
		{97E3A5C5-7B63-4B0D-B0D1-4E06C0B28EEA}.Debug|Any CPU.Build.0 = Debug|Any CPU
		{97E3A5C5-7B63-4B0D-B0D1-4E06C0B28EEA}.Release|Any CPU.ActiveCfg = Release|Any CPU
		{97E3A5C5-7B63-4B0D-B0D1-4E06C0B28EEA}.Release|Any CPU.Build.0 = Release|Any CPU
		{2344A1C2-7B2E-4EB7-B2CD-4D2D409D3FB9}.Debug|Any CPU.ActiveCfg = Debug|Any CPU
		{2344A1C2-7B2E-4EB7-B2CD-4D2D409D3FB9}.Debug|Any CPU.Build.0 = Debug|Any CPU
		{2344A1C2-7B2E-4EB7-B2CD-4D2D409D3FB9}.Release|Any CPU.ActiveCfg = Release|Any CPU
		{2344A1C2-7B2E-4EB7-B2CD-4D2D409D3FB9}.Release|Any CPU.Build.0 = Release|Any CPU
		{79D5EF87-2121-476E-B34F-3D4C887C36E3}.Debug|Any CPU.ActiveCfg = Debug|Any CPU
		{79D5EF87-2121-476E-B34F-3D4C887C36E3}.Debug|Any CPU.Build.0 = Debug|Any CPU
		{79D5EF87-2121-476E-B34F-3D4C887C36E3}.Release|Any CPU.ActiveCfg = Release|Any CPU
		{79D5EF87-2121-476E-B34F-3D4C887C36E3}.Release|Any CPU.Build.0 = Release|Any CPU
		{A82BDD0F-C2FB-4F72-8819-1C73768EB8A9}.Debug|Any CPU.ActiveCfg = Debug|Any CPU
		{A82BDD0F-C2FB-4F72-8819-1C73768EB8A9}.Debug|Any CPU.Build.0 = Debug|Any CPU
		{A82BDD0F-C2FB-4F72-8819-1C73768EB8A9}.Release|Any CPU.ActiveCfg = Release|Any CPU
		{A82BDD0F-C2FB-4F72-8819-1C73768EB8A9}.Release|Any CPU.Build.0 = Release|Any CPU
		{D4FFCA13-04B0-40CD-BA84-D3476F6AAAB0}.Debug|Any CPU.ActiveCfg = Debug|Any CPU
		{D4FFCA13-04B0-40CD-BA84-D3476F6AAAB0}.Debug|Any CPU.Build.0 = Debug|Any CPU
		{D4FFCA13-04B0-40CD-BA84-D3476F6AAAB0}.Release|Any CPU.ActiveCfg = Release|Any CPU
		{D4FFCA13-04B0-40CD-BA84-D3476F6AAAB0}.Release|Any CPU.Build.0 = Release|Any CPU
		{F13D44FA-7246-4BBF-918F-601617E2E530}.Debug|Any CPU.ActiveCfg = Debug|Any CPU
		{F13D44FA-7246-4BBF-918F-601617E2E530}.Debug|Any CPU.Build.0 = Debug|Any CPU
		{F13D44FA-7246-4BBF-918F-601617E2E530}.Release|Any CPU.ActiveCfg = Release|Any CPU
		{F13D44FA-7246-4BBF-918F-601617E2E530}.Release|Any CPU.Build.0 = Release|Any CPU
		{67F1B897-3A2A-4D3A-ABBB-6EA6C4A1B5CA}.Debug|Any CPU.ActiveCfg = Debug|Any CPU
		{67F1B897-3A2A-4D3A-ABBB-6EA6C4A1B5CA}.Debug|Any CPU.Build.0 = Debug|Any CPU
		{67F1B897-3A2A-4D3A-ABBB-6EA6C4A1B5CA}.Release|Any CPU.ActiveCfg = Release|Any CPU
		{67F1B897-3A2A-4D3A-ABBB-6EA6C4A1B5CA}.Release|Any CPU.Build.0 = Release|Any CPU
		{BA80CF6F-FDB9-4C0A-83E4-6FD4E6F11BB9}.Debug|Any CPU.ActiveCfg = Debug|Any CPU
		{BA80CF6F-FDB9-4C0A-83E4-6FD4E6F11BB9}.Debug|Any CPU.Build.0 = Debug|Any CPU
		{BA80CF6F-FDB9-4C0A-83E4-6FD4E6F11BB9}.Release|Any CPU.ActiveCfg = Release|Any CPU
		{BA80CF6F-FDB9-4C0A-83E4-6FD4E6F11BB9}.Release|Any CPU.Build.0 = Release|Any CPU
		{602A89AC-6387-422B-9A79-CF65248A7C85}.Debug|Any CPU.ActiveCfg = Debug|Any CPU
		{602A89AC-6387-422B-9A79-CF65248A7C85}.Debug|Any CPU.Build.0 = Debug|Any CPU
		{602A89AC-6387-422B-9A79-CF65248A7C85}.Release|Any CPU.ActiveCfg = Release|Any CPU
		{602A89AC-6387-422B-9A79-CF65248A7C85}.Release|Any CPU.Build.0 = Release|Any CPU
		{4B10D55D-5BD4-4F4B-95D2-8B5D07FDB0D9}.Debug|Any CPU.ActiveCfg = Debug|Any CPU
		{4B10D55D-5BD4-4F4B-95D2-8B5D07FDB0D9}.Debug|Any CPU.Build.0 = Debug|Any CPU
		{4B10D55D-5BD4-4F4B-95D2-8B5D07FDB0D9}.Release|Any CPU.ActiveCfg = Release|Any CPU
		{4B10D55D-5BD4-4F4B-95D2-8B5D07FDB0D9}.Release|Any CPU.Build.0 = Release|Any CPU
		{2383DF3C-7B09-4113-83CE-6C5F4AB41FAA}.Debug|Any CPU.ActiveCfg = Debug|Any CPU
		{2383DF3C-7B09-4113-83CE-6C5F4AB41FAA}.Debug|Any CPU.Build.0 = Debug|Any CPU
		{2383DF3C-7B09-4113-83CE-6C5F4AB41FAA}.Release|Any CPU.ActiveCfg = Release|Any CPU
		{2383DF3C-7B09-4113-83CE-6C5F4AB41FAA}.Release|Any CPU.Build.0 = Release|Any CPU
		{6CB73F48-33AE-4D3E-8C1A-EF7B2254FFF1}.Debug|Any CPU.ActiveCfg = Debug|Any CPU
		{6CB73F48-33AE-4D3E-8C1A-EF7B2254FFF1}.Debug|Any CPU.Build.0 = Debug|Any CPU
		{6CB73F48-33AE-4D3E-8C1A-EF7B2254FFF1}.Release|Any CPU.ActiveCfg = Release|Any CPU
		{6CB73F48-33AE-4D3E-8C1A-EF7B2254FFF1}.Release|Any CPU.Build.0 = Release|Any CPU
	EndGlobalSection
	GlobalSection(NestedProjects) = preSolution
		{BF98D191-DD45-4985-9DEB-EC80D4132BBB} = {7B5D16BE-4915-4C95-AAAE-8D9ADF6BA786}
		{1622CCFA-C045-424B-A32E-270574A9D0D1} = {5F67D671-E259-4F45-9C3B-FEA052CAB517}
		{0BF840DE-476F-4C18-93A6-BDB2088323F4} = {E2BBDC18-BAE2-4E0A-9B31-B8A90CD3CAB6}
		{9D5805D9-AA37-4E98-977F-8303F8F64E82} = {E2BBDC18-BAE2-4E0A-9B31-B8A90CD3CAB6}
		{A8AB37FC-66A9-449F-B16C-E4724608BFBD} = {E2BBDC18-BAE2-4E0A-9B31-B8A90CD3CAB6}
		{B6AC2907-46D5-419A-815C-134E05104F42} = {01693DB9-873D-4E4B-B285-FD18BD4C3B5F}
		{53EE7CC8-4FEC-40DE-AABB-90724CD6F111} = {01693DB9-873D-4E4B-B285-FD18BD4C3B5F}
		{A0C91633-B26F-42C6-A700-80A016DB2A21} = {69C5C254-6220-479A-A27E-690392B3DE1B}
		{97E3A5C5-7B63-4B0D-B0D1-4E06C0B28EEA} = {69C5C254-6220-479A-A27E-690392B3DE1B}
		{2344A1C2-7B2E-4EB7-B2CD-4D2D409D3FB9} = {69C5C254-6220-479A-A27E-690392B3DE1B}
		{79D5EF87-2121-476E-B34F-3D4C887C36E3} = {29ED98D5-4089-41B8-B967-30AC9E6E196F}
		{A82BDD0F-C2FB-4F72-8819-1C73768EB8A9} = {29ED98D5-4089-41B8-B967-30AC9E6E196F}
		{D4FFCA13-04B0-40CD-BA84-D3476F6AAAB0} = {29ED98D5-4089-41B8-B967-30AC9E6E196F}
		{F13D44FA-7246-4BBF-918F-601617E2E530} = {01693DB9-873D-4E4B-B285-FD18BD4C3B5F}
		{67F1B897-3A2A-4D3A-ABBB-6EA6C4A1B5CA} = {1D5C1E7F-5919-433D-B3D5-8D9A62A9A32A}
		{BA80CF6F-FDB9-4C0A-83E4-6FD4E6F11BB9} = {1D5C1E7F-5919-433D-B3D5-8D9A62A9A32A}
		{602A89AC-6387-422B-9A79-CF65248A7C85} = {1D5C1E7F-5919-433D-B3D5-8D9A62A9A32A}
		{4B10D55D-5BD4-4F4B-95D2-8B5D07FDB0D9} = {7321529A-0CDE-49B0-AA3C-57A7DEFCA1A0}
		{2383DF3C-7B09-4113-83CE-6C5F4AB41FAA} = {7321529A-0CDE-49B0-AA3C-57A7DEFCA1A0}
		{6CB73F48-33AE-4D3E-8C1A-EF7B2254FFF1} = {7321529A-0CDE-49B0-AA3C-57A7DEFCA1A0}
	EndGlobalSection
EndGlobal
