
Microsoft Visual Studio Solution File, Format Version 12.00
Project("{FAE04EC0-301F-11D3-BF4B-00C04F79EFBC}") = "Tyuiu.TimshinaAI.Sprint0", "Tyuiu.TimshinaAI.Sprint0\Tyuiu.TimshinaAI.Sprint0.csproj", "{D47C1591-EF5D-4824-A8BB-62A10E5D5BFF}"
EndProject
Global
	GlobalSection(SolutionConfigurationPlatforms) = preSolution
		Debug|Any CPU = Debug|Any CPU
		Release|Any CPU = Release|Any CPU
	EndGlobalSection
	GlobalSection(ProjectConfigurationPlatforms) = postSolution
		{D47C1591-EF5D-4824-A8BB-62A10E5D5BFF}.Debug|Any CPU.ActiveCfg = Debug|Any CPU
		{D47C1591-EF5D-4824-A8BB-62A10E5D5BFF}.Debug|Any CPU.Build.0 = Debug|Any CPU
		{D47C1591-EF5D-4824-A8BB-62A10E5D5BFF}.Release|Any CPU.ActiveCfg = Release|Any CPU
		{D47C1591-EF5D-4824-A8BB-62A10E5D5BFF}.Release|Any CPU.Build.0 = Release|Any CPU
	EndGlobalSection
EndGlobal
